Microsoft Visual Studio Solution File, Format Version 11.00
# Visual Studio 2008

Project("{8B1E2B9B-342D-D373-44C6-343DC23A6733}") = "Speak", "Assembly-CSharp.csproj", "{B51A4855-0146-12C2-CE2F-B5C18A2D9BC6}"
EndProject
Global
	GlobalSection(SolutionConfigurationPlatforms) = preSolution
		Debug|Any CPU = Debug|Any CPU
		Release|Any CPU = Release|Any CPU
	EndGlobalSection
	GlobalSection(ProjectConfigurationPlatforms) = postSolution
		{B51A4855-0146-12C2-CE2F-B5C18A2D9BC6}.Debug|Any CPU.ActiveCfg = Debug|Any CPU
		{B51A4855-0146-12C2-CE2F-B5C18A2D9BC6}.Debug|Any CPU.Build.0 = Debug|Any CPU
		{B51A4855-0146-12C2-CE2F-B5C18A2D9BC6}.Release|Any CPU.ActiveCfg = Release|Any CPU
		{B51A4855-0146-12C2-CE2F-B5C18A2D9BC6}.Release|Any CPU.Build.0 = Release|Any CPU
	EndGlobalSection
	GlobalSection(SolutionProperties) = preSolution
		HideSolutionNode = FALSE
	EndGlobalSection
																																																																																																																																																																																			GlobalSection(MonoDevelopProperties) = preSolution
		StartupItem = Assembly-CSharp.csproj
		Policies = $0
		$0.TextStylePolicy = $1
		$1.inheritsSet = null
		$1.scope = text/x-csharp
		$0.CSharpFormattingPolicy = $2
		$2.inheritsSet = Mono
		$2.inheritsScope = text/x-csharp
		$2.scope = text/x-csharp
		$0.TextStylePolicy = $3
		$3.FileWidth = 120
		$3.TabWidth = 4
		$3.IndentWidth = 4
		$3.EolMarker = Unix
		$3.inheritsSet = Mono
		$3.inheritsScope = text/plain
		$3.scope = text/plain
	EndGlobalSection

EndGlobal
